
Microsoft Visual Studio Solution File, Format Version 12.00
# Visual Studio 14
VisualStudioVersion = 14.0.24720.0
MinimumVisualStudioVersion = 10.0.40219.1
Project("{FAE04EC0-301F-11D3-BF4B-00C04F79EFBC}") = "Bicycle", "Bicycle\Bicycle.csproj", "{F33A9848-69E6-4FB8-BD44-07E44A442519}"
EndProject
Project("{FAE04EC0-301F-11D3-BF4B-00C04F79EFBC}") = "BicycleTests", "BicycleTests\BicycleTests.csproj", "{E6660163-7B2B-4FC1-8B52-342AB3CB3358}"
EndProject
Global
	GlobalSection(SolutionConfigurationPlatforms) = preSolution
		Debug|Any CPU = Debug|Any CPU
		Release|Any CPU = Release|Any CPU
	EndGlobalSection
	GlobalSection(ProjectConfigurationPlatforms) = postSolution
		{F33A9848-69E6-4FB8-BD44-07E44A442519}.Debug|Any CPU.ActiveCfg = Debug|Any CPU
		{F33A9848-69E6-4FB8-BD44-07E44A442519}.Debug|Any CPU.Build.0 = Debug|Any CPU
		{F33A9848-69E6-4FB8-BD44-07E44A442519}.Release|Any CPU.ActiveCfg = Release|Any CPU
		{F33A9848-69E6-4FB8-BD44-07E44A442519}.Release|Any CPU.Build.0 = Release|Any CPU
		{E6660163-7B2B-4FC1-8B52-342AB3CB3358}.Debug|Any CPU.ActiveCfg = Debug|Any CPU
		{E6660163-7B2B-4FC1-8B52-342AB3CB3358}.Debug|Any CPU.Build.0 = Debug|Any CPU
		{E6660163-7B2B-4FC1-8B52-342AB3CB3358}.Release|Any CPU.ActiveCfg = Release|Any CPU
		{E6660163-7B2B-4FC1-8B52-342AB3CB3358}.Release|Any CPU.Build.0 = Release|Any CPU
	EndGlobalSection
	GlobalSection(SolutionProperties) = preSolution
		HideSolutionNode = FALSE
	EndGlobalSection
EndGlobal
